
Microsoft Visual Studio Solution File, Format Version 12.00
# Visual Studio Version 17
VisualStudioVersion = 17.6.33829.357
MinimumVisualStudioVersion = 10.0.40219.1
Project("{FAE04EC0-301F-11D3-BF4B-00C04F79EFBC}") = "Андрей", "Андрей\Андрей.csproj", "{A8384874-0899-42BC-8084-149778712FCD}"
EndProject
Global
	GlobalSection(SolutionConfigurationPlatforms) = preSolution
		Debug|Any CPU = Debug|Any CPU
		Release|Any CPU = Release|Any CPU
	EndGlobalSection
	GlobalSection(ProjectConfigurationPlatforms) = postSolution
		{A8384874-0899-42BC-8084-149778712FCD}.Debug|Any CPU.ActiveCfg = Debug|Any CPU
		{A8384874-0899-42BC-8084-149778712FCD}.Debug|Any CPU.Build.0 = Debug|Any CPU
		{A8384874-0899-42BC-8084-149778712FCD}.Release|Any CPU.ActiveCfg = Release|Any CPU
		{A8384874-0899-42BC-8084-149778712FCD}.Release|Any CPU.Build.0 = Release|Any CPU
	EndGlobalSection
	GlobalSection(SolutionProperties) = preSolution
		HideSolutionNode = FALSE
	EndGlobalSection
	GlobalSection(ExtensibilityGlobals) = postSolution
		SolutionGuid = {22F709AA-D4BE-48C9-9766-FC85A6629F3A}
	EndGlobalSection
EndGlobal
